{
  "name": "assets",
  "lockfileVersion": 2,
  "requires": true,
  "packages": {
    "": {
      "dependencies": {
        "@floating-ui/dom": "^1.5.1",
        "alpinejs": "^3.13.0",
        "chart.js": "^4.4.0",
        "sortablejs": "^1.15.0"
      }
    },
    "node_modules/@floating-ui/core": {
      "version": "1.4.1",
      "resolved": "https://registry.npmjs.org/@floating-ui/core/-/core-1.4.1.tgz",
      "integrity": "sha512-jk3WqquEJRlcyu7997NtR5PibI+y5bi+LS3hPmguVClypenMsCY3CBa3LAQnozRCtCrYWSEtAdiskpamuJRFOQ==",
      "dependencies": {
        "@floating-ui/utils": "^0.1.1"
      }
    },
    "node_modules/@floating-ui/dom": {
      "version": "1.5.1",
      "resolved": "https://registry.npmjs.org/@floating-ui/dom/-/dom-1.5.1.tgz",
      "integrity": "sha512-KwvVcPSXg6mQygvA1TjbN/gh///36kKtllIF8SUm0qpFj8+rvYrpvlYdL1JoA71SHpDqgSSdGOSoQ0Mp3uY5aw==",
      "dependencies": {
        "@floating-ui/core": "^1.4.1",
        "@floating-ui/utils": "^0.1.1"
      }
    },
    "node_modules/@floating-ui/utils": {
      "version": "0.1.1",
      "resolved": "https://registry.npmjs.org/@floating-ui/utils/-/utils-0.1.1.tgz",
      "integrity": "sha512-m0G6wlnhm/AX0H12IOWtK8gASEMffnX08RtKkCgTdHb9JpHKGloI7icFfLg9ZmQeavcvR0PKmzxClyuFPSjKWw=="
    },
    "node_modules/@kurkle/color": {
      "version": "0.3.2",
      "resolved": "https://registry.npmjs.org/@kurkle/color/-/color-0.3.2.tgz",
      "integrity": "sha512-fuscdXJ9G1qb7W8VdHi+IwRqij3lBkosAm4ydQtEmbY58OzHXqQhvlxqEkoz0yssNVn38bcpRWgA9PP+OGoisw=="
    },
    "node_modules/@vue/reactivity": {
      "version": "3.1.5",
      "resolved": "https://registry.npmjs.org/@vue/reactivity/-/reactivity-3.1.5.tgz",
      "integrity": "sha512-1tdfLmNjWG6t/CsPldh+foumYFo3cpyCHgBYQ34ylaMsJ+SNHQ1kApMIa8jN+i593zQuaw3AdWH0nJTARzCFhg==",
      "dependencies": {
        "@vue/shared": "3.1.5"
      }
    },
    "node_modules/@vue/shared": {
      "version": "3.1.5",
      "resolved": "https://registry.npmjs.org/@vue/shared/-/shared-3.1.5.tgz",
      "integrity": "sha512-oJ4F3TnvpXaQwZJNF3ZK+kLPHKarDmJjJ6jyzVNDKH9md1dptjC7lWR//jrGuLdek/U6iltWxqAnYOu8gCiOvA=="
    },
    "node_modules/alpinejs": {
      "version": "3.13.0",
      "resolved": "https://registry.npmjs.org/alpinejs/-/alpinejs-3.13.0.tgz",
      "integrity": "sha512-7FYR1Yz3evIjlJD1mZ3SYWSw+jlOmQGeQ1QiSufSQ6J84XMQFkzxm6OobiZ928SfqhGdoIp2SsABNsS4rXMMJw==",
      "dependencies": {
        "@vue/reactivity": "~3.1.1"
      }
    },
    "node_modules/chart.js": {
      "version": "4.4.0",
      "resolved": "https://registry.npmjs.org/chart.js/-/chart.js-4.4.0.tgz",
      "integrity": "sha512-vQEj6d+z0dcsKLlQvbKIMYFHd3t8W/7L2vfJIbYcfyPcRx92CsHqECpueN8qVGNlKyDcr5wBrYAYKnfu/9Q1hQ==",
      "dependencies": {
        "@kurkle/color": "^0.3.0"
      },
      "engines": {
        "pnpm": ">=7"
      }
    },
    "node_modules/sortablejs": {
      "version": "1.15.0",
      "resolved": "https://registry.npmjs.org/sortablejs/-/sortablejs-1.15.0.tgz",
      "integrity": "sha512-bv9qgVMjUMf89wAvM6AxVvS/4MX3sPeN0+agqShejLU5z5GX4C75ow1O2e5k4L6XItUyAK3gH6AxSbXrOM5e8w=="
    }
  },
  "dependencies": {
    "@floating-ui/core": {
      "version": "1.4.1",
      "resolved": "https://registry.npmjs.org/@floating-ui/core/-/core-1.4.1.tgz",
      "integrity": "sha512-jk3WqquEJRlcyu7997NtR5PibI+y5bi+LS3hPmguVClypenMsCY3CBa3LAQnozRCtCrYWSEtAdiskpamuJRFOQ==",
      "requires": {
        "@floating-ui/utils": "^0.1.1"
      }
    },
    "@floating-ui/dom": {
      "version": "1.5.1",
      "resolved": "https://registry.npmjs.org/@floating-ui/dom/-/dom-1.5.1.tgz",
      "integrity": "sha512-KwvVcPSXg6mQygvA1TjbN/gh///36kKtllIF8SUm0qpFj8+rvYrpvlYdL1JoA71SHpDqgSSdGOSoQ0Mp3uY5aw==",
      "requires": {
        "@floating-ui/core": "^1.4.1",
        "@floating-ui/utils": "^0.1.1"
      }
    },
    "@floating-ui/utils": {
      "version": "0.1.1",
      "resolved": "https://registry.npmjs.org/@floating-ui/utils/-/utils-0.1.1.tgz",
      "integrity": "sha512-m0G6wlnhm/AX0H12IOWtK8gASEMffnX08RtKkCgTdHb9JpHKGloI7icFfLg9ZmQeavcvR0PKmzxClyuFPSjKWw=="
    },
    "@kurkle/color": {
      "version": "0.3.2",
      "resolved": "https://registry.npmjs.org/@kurkle/color/-/color-0.3.2.tgz",
      "integrity": "sha512-fuscdXJ9G1qb7W8VdHi+IwRqij3lBkosAm4ydQtEmbY58OzHXqQhvlxqEkoz0yssNVn38bcpRWgA9PP+OGoisw=="
    },
    "@vue/reactivity": {
      "version": "3.1.5",
      "resolved": "https://registry.npmjs.org/@vue/reactivity/-/reactivity-3.1.5.tgz",
      "integrity": "sha512-1tdfLmNjWG6t/CsPldh+foumYFo3cpyCHgBYQ34ylaMsJ+SNHQ1kApMIa8jN+i593zQuaw3AdWH0nJTARzCFhg==",
      "requires": {
        "@vue/shared": "3.1.5"
      }
    },
    "@vue/shared": {
      "version": "3.1.5",
      "resolved": "https://registry.npmjs.org/@vue/shared/-/shared-3.1.5.tgz",
      "integrity": "sha512-oJ4F3TnvpXaQwZJNF3ZK+kLPHKarDmJjJ6jyzVNDKH9md1dptjC7lWR//jrGuLdek/U6iltWxqAnYOu8gCiOvA=="
    },
    "alpinejs": {
      "version": "3.13.0",
      "resolved": "https://registry.npmjs.org/alpinejs/-/alpinejs-3.13.0.tgz",
      "integrity": "sha512-7FYR1Yz3evIjlJD1mZ3SYWSw+jlOmQGeQ1QiSufSQ6J84XMQFkzxm6OobiZ928SfqhGdoIp2SsABNsS4rXMMJw==",
      "requires": {
        "@vue/reactivity": "~3.1.1"
      }
    },
    "chart.js": {
      "version": "4.4.0",
      "resolved": "https://registry.npmjs.org/chart.js/-/chart.js-4.4.0.tgz",
      "integrity": "sha512-vQEj6d+z0dcsKLlQvbKIMYFHd3t8W/7L2vfJIbYcfyPcRx92CsHqECpueN8qVGNlKyDcr5wBrYAYKnfu/9Q1hQ==",
      "requires": {
        "@kurkle/color": "^0.3.0"
      }
    },
    "sortablejs": {
      "version": "1.15.0",
      "resolved": "https://registry.npmjs.org/sortablejs/-/sortablejs-1.15.0.tgz",
      "integrity": "sha512-bv9qgVMjUMf89wAvM6AxVvS/4MX3sPeN0+agqShejLU5z5GX4C75ow1O2e5k4L6XItUyAK3gH6AxSbXrOM5e8w=="
    }
  }
}
